
Microsoft Visual Studio Solution File, Format Version 12.00
# Visual Studio Version 17
VisualStudioVersion = 17.0.32126.317
MinimumVisualStudioVersion = 10.0.40219.1
Project("{FAE04EC0-301F-11D3-BF4B-00C04F79EFBC}") = "Soma_Par_Impar", "Soma_Par_Impar\Soma_Par_Impar.csproj", "{A72FAADB-054F-4C4E-B74F-38711FAAFE30}"
EndProject
Global
	GlobalSection(SolutionConfigurationPlatforms) = preSolution
		Debug|Any CPU = Debug|Any CPU
		Release|Any CPU = Release|Any CPU
	EndGlobalSection
	GlobalSection(ProjectConfigurationPlatforms) = postSolution
		{A72FAADB-054F-4C4E-B74F-38711FAAFE30}.Debug|Any CPU.ActiveCfg = Debug|Any CPU
		{A72FAADB-054F-4C4E-B74F-38711FAAFE30}.Debug|Any CPU.Build.0 = Debug|Any CPU
		{A72FAADB-054F-4C4E-B74F-38711FAAFE30}.Release|Any CPU.ActiveCfg = Release|Any CPU
		{A72FAADB-054F-4C4E-B74F-38711FAAFE30}.Release|Any CPU.Build.0 = Release|Any CPU
	EndGlobalSection
	GlobalSection(SolutionProperties) = preSolution
		HideSolutionNode = FALSE
	EndGlobalSection
	GlobalSection(ExtensibilityGlobals) = postSolution
		SolutionGuid = {B07872E6-24CE-4906-AC2C-EBAD85F07AD1}
	EndGlobalSection
EndGlobal
